// !$*UTF8*$!
{
	archiveVersion = 1;
	classes = {
	};
	objectVersion = 46;
	objects = {

/* Begin PBXBuildFile section */
		EB5EEB421EA7F02C006FD329 /* SplitViewController.swift in Sources */ = {isa = PBXBuildFile; fileRef = EB5EEB411EA7F02C006FD329 /* SplitViewController.swift */; };
		EB600C151EA54C8900995C09 /* AxesDrawer.swift in Sources */ = {isa = PBXBuildFile; fileRef = EB600C141EA54C8900995C09 /* AxesDrawer.swift */; };
		EB600C171EA54CEE00995C09 /* GraphViewController.swift in Sources */ = {isa = PBXBuildFile; fileRef = EB600C161EA54CEE00995C09 /* GraphViewController.swift */; };
		EB600C191EA556EC00995C09 /* GraphView.swift in Sources */ = {isa = PBXBuildFile; fileRef = EB600C181EA556EC00995C09 /* GraphView.swift */; };
		EB7DCCA61EB12237002016F0 /* CalculatorTests.swift in Sources */ = {isa = PBXBuildFile; fileRef = EB7DCCA51EB12237002016F0 /* CalculatorTests.swift */; };
		EB7DCCAE1EB12252002016F0 /* Quick.framework in CopyFiles */ = {isa = PBXBuildFile; fileRef = EB7DCC951EB11A78002016F0 /* Quick.framework */; settings = {ATTRIBUTES = (CodeSignOnCopy, RemoveHeadersOnCopy, ); }; };
		EB7DCCAF1EB12255002016F0 /* Nimble.framework in CopyFiles */ = {isa = PBXBuildFile; fileRef = EB7DCC971EB11A7A002016F0 /* Nimble.framework */; settings = {ATTRIBUTES = (CodeSignOnCopy, RemoveHeadersOnCopy, ); }; };
		EB7DCCB01EB12338002016F0 /* Nimble.framework in Frameworks */ = {isa = PBXBuildFile; fileRef = EB7DCC971EB11A7A002016F0 /* Nimble.framework */; };
		EB7DCCB11EB12338002016F0 /* Quick.framework in Frameworks */ = {isa = PBXBuildFile; fileRef = EB7DCC951EB11A78002016F0 /* Quick.framework */; };
		EBB75FFF1EB3D97E00914142 /* CalculatorViewControllerSpec.swift in Sources */ = {isa = PBXBuildFile; fileRef = EBB75FFE1EB3D97E00914142 /* CalculatorViewControllerSpec.swift */; };
		EBEFD5921EB12F6B00A6408B /* Nimble.framework in Frameworks */ = {isa = PBXBuildFile; fileRef = EB7DCC971EB11A7A002016F0 /* Nimble.framework */; };
		EBEFD5931EB12F6E00A6408B /* Quick.framework in Frameworks */ = {isa = PBXBuildFile; fileRef = EB7DCC951EB11A78002016F0 /* Quick.framework */; };
		EBEFD5951EB12F8000A6408B /* Nimble.framework in CopyFiles */ = {isa = PBXBuildFile; fileRef = EB7DCC971EB11A7A002016F0 /* Nimble.framework */; settings = {ATTRIBUTES = (CodeSignOnCopy, RemoveHeadersOnCopy, ); }; };
		EBEFD5961EB12F8200A6408B /* Quick.framework in CopyFiles */ = {isa = PBXBuildFile; fileRef = EB7DCC951EB11A78002016F0 /* Quick.framework */; settings = {ATTRIBUTES = (CodeSignOnCopy, RemoveHeadersOnCopy, ); }; };
		EBFDE2231E8EE59A00F3C46C /* AppDelegate.swift in Sources */ = {isa = PBXBuildFile; fileRef = EBFDE2221E8EE59A00F3C46C /* AppDelegate.swift */; };
		EBFDE2251E8EE59A00F3C46C /* CalculatorViewController.swift in Sources */ = {isa = PBXBuildFile; fileRef = EBFDE2241E8EE59A00F3C46C /* CalculatorViewController.swift */; };
		EBFDE2281E8EE59A00F3C46C /* Main.storyboard in Resources */ = {isa = PBXBuildFile; fileRef = EBFDE2261E8EE59A00F3C46C /* Main.storyboard */; };
		EBFDE22A1E8EE59A00F3C46C /* Assets.xcassets in Resources */ = {isa = PBXBuildFile; fileRef = EBFDE2291E8EE59A00F3C46C /* Assets.xcassets */; };
		EBFDE22D1E8EE59A00F3C46C /* LaunchScreen.storyboard in Resources */ = {isa = PBXBuildFile; fileRef = EBFDE22B1E8EE59A00F3C46C /* LaunchScreen.storyboard */; };
		EBFDE2361E8EF18300F3C46C /* .gitignore in Resources */ = {isa = PBXBuildFile; fileRef = EBFDE2351E8EF18300F3C46C /* .gitignore */; };
		EBFDE2381E8EFA1000F3C46C /* CalculatorBrain.swift in Sources */ = {isa = PBXBuildFile; fileRef = EBFDE2371E8EFA1000F3C46C /* CalculatorBrain.swift */; };
/* End PBXBuildFile section */

/* Begin PBXContainerItemProxy section */
		EB7DCCA81EB12237002016F0 /* PBXContainerItemProxy */ = {
			isa = PBXContainerItemProxy;
			containerPortal = EBFDE2171E8EE59900F3C46C /* Project object */;
			proxyType = 1;
			remoteGlobalIDString = EBFDE21E1E8EE59A00F3C46C;
			remoteInfo = Calculator;
		};
/* End PBXContainerItemProxy section */

/* Begin PBXCopyFilesBuildPhase section */
		EB7DCCAD1EB1224C002016F0 /* CopyFiles */ = {
			isa = PBXCopyFilesBuildPhase;
			buildActionMask = 2147483647;
			dstPath = "";
			dstSubfolderSpec = 10;
			files = (
				EB7DCCAF1EB12255002016F0 /* Nimble.framework in CopyFiles */,
				EB7DCCAE1EB12252002016F0 /* Quick.framework in CopyFiles */,
			);
			runOnlyForDeploymentPostprocessing = 0;
		};
		EBEFD5941EB12F7200A6408B /* CopyFiles */ = {
			isa = PBXCopyFilesBuildPhase;
			buildActionMask = 2147483647;
			dstPath = "";
			dstSubfolderSpec = 10;
			files = (
				EBEFD5951EB12F8000A6408B /* Nimble.framework in CopyFiles */,
				EBEFD5961EB12F8200A6408B /* Quick.framework in CopyFiles */,
			);
			runOnlyForDeploymentPostprocessing = 0;
		};
/* End PBXCopyFilesBuildPhase section */

/* Begin PBXFileReference section */
		EB5EEB411EA7F02C006FD329 /* SplitViewController.swift */ = {isa = PBXFileReference; fileEncoding = 4; lastKnownFileType = sourcecode.swift; path = SplitViewController.swift; sourceTree = "<group>"; };
		EB600C141EA54C8900995C09 /* AxesDrawer.swift */ = {isa = PBXFileReference; fileEncoding = 4; lastKnownFileType = sourcecode.swift; name = AxesDrawer.swift; path = ../../AxesDrawer.swift; sourceTree = "<group>"; };
		EB600C161EA54CEE00995C09 /* GraphViewController.swift */ = {isa = PBXFileReference; fileEncoding = 4; lastKnownFileType = sourcecode.swift; path = GraphViewController.swift; sourceTree = "<group>"; };
		EB600C181EA556EC00995C09 /* GraphView.swift */ = {isa = PBXFileReference; fileEncoding = 4; lastKnownFileType = sourcecode.swift; path = GraphView.swift; sourceTree = "<group>"; };
		EB7DCC931EB11A75002016F0 /* Alamofire.framework */ = {isa = PBXFileReference; lastKnownFileType = wrapper.framework; name = Alamofire.framework; path = Carthage/Build/iOS/Alamofire.framework; sourceTree = "<group>"; };
		EB7DCC951EB11A78002016F0 /* Quick.framework */ = {isa = PBXFileReference; lastKnownFileType = wrapper.framework; name = Quick.framework; path = Carthage/Build/iOS/Quick.framework; sourceTree = "<group>"; };
		EB7DCC971EB11A7A002016F0 /* Nimble.framework */ = {isa = PBXFileReference; lastKnownFileType = wrapper.framework; name = Nimble.framework; path = Carthage/Build/iOS/Nimble.framework; sourceTree = "<group>"; };
		EB7DCCA31EB12236002016F0 /* CalculatorTests.xctest */ = {isa = PBXFileReference; explicitFileType = wrapper.cfbundle; includeInIndex = 0; path = CalculatorTests.xctest; sourceTree = BUILT_PRODUCTS_DIR; };
		EB7DCCA51EB12237002016F0 /* CalculatorTests.swift */ = {isa = PBXFileReference; lastKnownFileType = sourcecode.swift; path = CalculatorTests.swift; sourceTree = "<group>"; };
		EB7DCCA71EB12237002016F0 /* Info.plist */ = {isa = PBXFileReference; lastKnownFileType = text.plist.xml; path = Info.plist; sourceTree = "<group>"; };
		EBB75FFE1EB3D97E00914142 /* CalculatorViewControllerSpec.swift */ = {isa = PBXFileReference; fileEncoding = 4; lastKnownFileType = sourcecode.swift; path = CalculatorViewControllerSpec.swift; sourceTree = "<group>"; };
		EBFDE21F1E8EE59A00F3C46C /* Calculator.app */ = {isa = PBXFileReference; explicitFileType = wrapper.application; includeInIndex = 0; path = Calculator.app; sourceTree = BUILT_PRODUCTS_DIR; };
		EBFDE2221E8EE59A00F3C46C /* AppDelegate.swift */ = {isa = PBXFileReference; lastKnownFileType = sourcecode.swift; path = AppDelegate.swift; sourceTree = "<group>"; };
		EBFDE2241E8EE59A00F3C46C /* CalculatorViewController.swift */ = {isa = PBXFileReference; lastKnownFileType = sourcecode.swift; path = CalculatorViewController.swift; sourceTree = "<group>"; };
		EBFDE2271E8EE59A00F3C46C /* Base */ = {isa = PBXFileReference; lastKnownFileType = file.storyboard; name = Base; path = Base.lproj/Main.storyboard; sourceTree = "<group>"; };
		EBFDE2291E8EE59A00F3C46C /* Assets.xcassets */ = {isa = PBXFileReference; lastKnownFileType = folder.assetcatalog; path = Assets.xcassets; sourceTree = "<group>"; };
		EBFDE22C1E8EE59A00F3C46C /* Base */ = {isa = PBXFileReference; lastKnownFileType = file.storyboard; name = Base; path = Base.lproj/LaunchScreen.storyboard; sourceTree = "<group>"; };
		EBFDE22E1E8EE59A00F3C46C /* Info.plist */ = {isa = PBXFileReference; lastKnownFileType = text.plist.xml; path = Info.plist; sourceTree = "<group>"; };
		EBFDE2351E8EF18300F3C46C /* .gitignore */ = {isa = PBXFileReference; fileEncoding = 4; lastKnownFileType = text; path = .gitignore; sourceTree = "<group>"; };
		EBFDE2371E8EFA1000F3C46C /* CalculatorBrain.swift */ = {isa = PBXFileReference; fileEncoding = 4; lastKnownFileType = sourcecode.swift; path = CalculatorBrain.swift; sourceTree = "<group>"; };
/* End PBXFileReference section */

/* Begin PBXFrameworksBuildPhase section */
		EB7DCCA01EB12236002016F0 /* Frameworks */ = {
			isa = PBXFrameworksBuildPhase;
			buildActionMask = 2147483647;
			files = (
				EB7DCCB01EB12338002016F0 /* Nimble.framework in Frameworks */,
				EB7DCCB11EB12338002016F0 /* Quick.framework in Frameworks */,
			);
			runOnlyForDeploymentPostprocessing = 0;
		};
		EBFDE21C1E8EE59A00F3C46C /* Frameworks */ = {
			isa = PBXFrameworksBuildPhase;
			buildActionMask = 2147483647;
			files = (
				EBEFD5921EB12F6B00A6408B /* Nimble.framework in Frameworks */,
				EBEFD5931EB12F6E00A6408B /* Quick.framework in Frameworks */,
			);
			runOnlyForDeploymentPostprocessing = 0;
		};
/* End PBXFrameworksBuildPhase section */

/* Begin PBXGroup section */
		EB7DCC921EB11A75002016F0 /* Frameworks */ = {
			isa = PBXGroup;
			children = (
				EB7DCC971EB11A7A002016F0 /* Nimble.framework */,
				EB7DCC951EB11A78002016F0 /* Quick.framework */,
				EB7DCC931EB11A75002016F0 /* Alamofire.framework */,
			);
			name = Frameworks;
			sourceTree = "<group>";
		};
		EB7DCCA41EB12237002016F0 /* CalculatorTests */ = {
			isa = PBXGroup;
			children = (
				EBB75FFD1EB3C7EF00914142 /* CalculatorBrainSpec */,
				EB7DCCA71EB12237002016F0 /* Info.plist */,
				EBB760001EB3D9F800914142 /* ControllerSpecs */,
			);
			path = CalculatorTests;
			sourceTree = "<group>";
		};
		EBB75FFD1EB3C7EF00914142 /* CalculatorBrainSpec */ = {
			isa = PBXGroup;
			children = (
				EB7DCCA51EB12237002016F0 /* CalculatorTests.swift */,
			);
			name = CalculatorBrainSpec;
			sourceTree = "<group>";
		};
		EBB760001EB3D9F800914142 /* ControllerSpecs */ = {
			isa = PBXGroup;
			children = (
				EBB75FFE1EB3D97E00914142 /* CalculatorViewControllerSpec.swift */,
			);
			name = ControllerSpecs;
			sourceTree = "<group>";
		};
		EBFDE2161E8EE59900F3C46C = {
			isa = PBXGroup;
			children = (
				EBFDE2211E8EE59A00F3C46C /* Calculator */,
				EB7DCCA41EB12237002016F0 /* CalculatorTests */,
				EBFDE2201E8EE59A00F3C46C /* Products */,
				EB7DCC921EB11A75002016F0 /* Frameworks */,
			);
			sourceTree = "<group>";
		};
		EBFDE2201E8EE59A00F3C46C /* Products */ = {
			isa = PBXGroup;
			children = (
				EBFDE21F1E8EE59A00F3C46C /* Calculator.app */,
				EB7DCCA31EB12236002016F0 /* CalculatorTests.xctest */,
			);
			name = Products;
			sourceTree = "<group>";
		};
		EBFDE2211E8EE59A00F3C46C /* Calculator */ = {
			isa = PBXGroup;
			children = (
				EBFDE2241E8EE59A00F3C46C /* CalculatorViewController.swift */,
				EBFDE2261E8EE59A00F3C46C /* Main.storyboard */,
				EB600C141EA54C8900995C09 /* AxesDrawer.swift */,
				EB600C161EA54CEE00995C09 /* GraphViewController.swift */,
				EBFDE2371E8EFA1000F3C46C /* CalculatorBrain.swift */,
				EB600C181EA556EC00995C09 /* GraphView.swift */,
				EBFDE2341E8EE7F800F3C46C /* Supporting Files */,
				EBFDE2351E8EF18300F3C46C /* .gitignore */,
				EB5EEB411EA7F02C006FD329 /* SplitViewController.swift */,
			);
			path = Calculator;
			sourceTree = "<group>";
		};
		EBFDE2341E8EE7F800F3C46C /* Supporting Files */ = {
			isa = PBXGroup;
			children = (
				EBFDE2221E8EE59A00F3C46C /* AppDelegate.swift */,
				EBFDE2291E8EE59A00F3C46C /* Assets.xcassets */,
				EBFDE22B1E8EE59A00F3C46C /* LaunchScreen.storyboard */,
				EBFDE22E1E8EE59A00F3C46C /* Info.plist */,
			);
			name = "Supporting Files";
			sourceTree = "<group>";
		};
/* End PBXGroup section */

/* Begin PBXNativeTarget section */
		EB7DCCA21EB12236002016F0 /* CalculatorTests */ = {
			isa = PBXNativeTarget;
			buildConfigurationList = EB7DCCAA1EB12237002016F0 /* Build configuration list for PBXNativeTarget "CalculatorTests" */;
			buildPhases = (
				EB7DCC9F1EB12236002016F0 /* Sources */,
				EB7DCCA01EB12236002016F0 /* Frameworks */,
				EB7DCCA11EB12236002016F0 /* Resources */,
				EB7DCCAD1EB1224C002016F0 /* CopyFiles */,
			);
			buildRules = (
			);
			dependencies = (
				EB7DCCA91EB12237002016F0 /* PBXTargetDependency */,
			);
			name = CalculatorTests;
			productName = CalculatorTests;
			productReference = EB7DCCA31EB12236002016F0 /* CalculatorTests.xctest */;
			productType = "com.apple.product-type.bundle.unit-test";
		};
		EBFDE21E1E8EE59A00F3C46C /* Calculator */ = {
			isa = PBXNativeTarget;
			buildConfigurationList = EBFDE2311E8EE59A00F3C46C /* Build configuration list for PBXNativeTarget "Calculator" */;
			buildPhases = (
				EBFDE21B1E8EE59A00F3C46C /* Sources */,
				EBFDE21C1E8EE59A00F3C46C /* Frameworks */,
				EBFDE21D1E8EE59A00F3C46C /* Resources */,
				EBEFD5941EB12F7200A6408B /* CopyFiles */,
			);
			buildRules = (
			);
			dependencies = (
			);
			name = Calculator;
			productName = Calculator;
			productReference = EBFDE21F1E8EE59A00F3C46C /* Calculator.app */;
			productType = "com.apple.product-type.application";
		};
/* End PBXNativeTarget section */

/* Begin PBXProject section */
		EBFDE2171E8EE59900F3C46C /* Project object */ = {
			isa = PBXProject;
			attributes = {
				LastSwiftUpdateCheck = 0830;
				LastUpgradeCheck = 0830;
				ORGANIZATIONNAME = lduan;
				TargetAttributes = {
					EB7DCCA21EB12236002016F0 = {
						CreatedOnToolsVersion = 8.3.2;
						DevelopmentTeam = GLAPQ59262;
						ProvisioningStyle = Automatic;
						TestTargetID = EBFDE21E1E8EE59A00F3C46C;
					};
					EBFDE21E1E8EE59A00F3C46C = {
						CreatedOnToolsVersion = 8.3;
						DevelopmentTeam = GLAPQ59262;
						ProvisioningStyle = Automatic;
					};
				};
			};
			buildConfigurationList = EBFDE21A1E8EE59900F3C46C /* Build configuration list for PBXProject "Calculator" */;
			compatibilityVersion = "Xcode 3.2";
			developmentRegion = English;
			hasScannedForEncodings = 0;
			knownRegions = (
				en,
				Base,
			);
			mainGroup = EBFDE2161E8EE59900F3C46C;
			productRefGroup = EBFDE2201E8EE59A00F3C46C /* Products */;
			projectDirPath = "";
			projectRoot = "";
			targets = (
				EBFDE21E1E8EE59A00F3C46C /* Calculator */,
				EB7DCCA21EB12236002016F0 /* CalculatorTests */,
			);
		};
/* End PBXProject section */

/* Begin PBXResourcesBuildPhase section */
		EB7DCCA11EB12236002016F0 /* Resources */ = {
			isa = PBXResourcesBuildPhase;
			buildActionMask = 2147483647;
			files = (
			);
			runOnlyForDeploymentPostprocessing = 0;
		};
		EBFDE21D1E8EE59A00F3C46C /* Resources */ = {
			isa = PBXResourcesBuildPhase;
			buildActionMask = 2147483647;
			files = (
				EBFDE2361E8EF18300F3C46C /* .gitignore in Resources */,
				EBFDE22D1E8EE59A00F3C46C /* LaunchScreen.storyboard in Resources */,
				EBFDE22A1E8EE59A00F3C46C /* Assets.xcassets in Resources */,
				EBFDE2281E8EE59A00F3C46C /* Main.storyboard in Resources */,
			);
			runOnlyForDeploymentPostprocessing = 0;
		};
/* End PBXResourcesBuildPhase section */

/* Begin PBXSourcesBuildPhase section */
		EB7DCC9F1EB12236002016F0 /* Sources */ = {
			isa = PBXSourcesBuildPhase;
			buildActionMask = 2147483647;
			files = (
				EB7DCCA61EB12237002016F0 /* CalculatorTests.swift in Sources */,
				EBB75FFF1EB3D97E00914142 /* CalculatorViewControllerSpec.swift in Sources */,
			);
			runOnlyForDeploymentPostprocessing = 0;
		};
		EBFDE21B1E8EE59A00F3C46C /* Sources */ = {
			isa = PBXSourcesBuildPhase;
			buildActionMask = 2147483647;
			files = (
				EBFDE2381E8EFA1000F3C46C /* CalculatorBrain.swift in Sources */,
				EB5EEB421EA7F02C006FD329 /* SplitViewController.swift in Sources */,
				EB600C171EA54CEE00995C09 /* GraphViewController.swift in Sources */,
				EB600C151EA54C8900995C09 /* AxesDrawer.swift in Sources */,
				EB600C191EA556EC00995C09 /* GraphView.swift in Sources */,
				EBFDE2251E8EE59A00F3C46C /* CalculatorViewController.swift in Sources */,
				EBFDE2231E8EE59A00F3C46C /* AppDelegate.swift in Sources */,
			);
			runOnlyForDeploymentPostprocessing = 0;
		};
/* End PBXSourcesBuildPhase section */

/* Begin PBXTargetDependency section */
		EB7DCCA91EB12237002016F0 /* PBXTargetDependency */ = {
			isa = PBXTargetDependency;
			target = EBFDE21E1E8EE59A00F3C46C /* Calculator */;
			targetProxy = EB7DCCA81EB12237002016F0 /* PBXContainerItemProxy */;
		};
/* End PBXTargetDependency section */

/* Begin PBXVariantGroup section */
		EBFDE2261E8EE59A00F3C46C /* Main.storyboard */ = {
			isa = PBXVariantGroup;
			children = (
				EBFDE2271E8EE59A00F3C46C /* Base */,
			);
			name = Main.storyboard;
			sourceTree = "<group>";
		};
		EBFDE22B1E8EE59A00F3C46C /* LaunchScreen.storyboard */ = {
			isa = PBXVariantGroup;
			children = (
				EBFDE22C1E8EE59A00F3C46C /* Base */,
			);
			name = LaunchScreen.storyboard;
			sourceTree = "<group>";
		};
/* End PBXVariantGroup section */

/* Begin XCBuildConfiguration section */
		EB7DCCAB1EB12237002016F0 /* Debug */ = {
			isa = XCBuildConfiguration;
			buildSettings = {
				BUNDLE_LOADER = "$(TEST_HOST)";
				DEVELOPMENT_TEAM = GLAPQ59262;
				FRAMEWORK_SEARCH_PATHS = (
					"$(inherited)",
					"$(PROJECT_DIR)/Carthage/Build/iOS",
				);
				INFOPLIST_FILE = CalculatorTests/Info.plist;
				LD_RUNPATH_SEARCH_PATHS = "$(inherited) @executable_path/Frameworks @loader_path/Frameworks";
				PRODUCT_BUNDLE_IDENTIFIER = lejiaduan.CalculatorTests;
				PRODUCT_NAME = "$(TARGET_NAME)";
				SWIFT_VERSION = 3.0;
				TEST_HOST = "$(BUILT_PRODUCTS_DIR)/Calculator.app/Calculator";
			};
			name = Debug;
		};
		EB7DCCAC1EB12237002016F0 /* Release */ = {
			isa = XCBuildConfiguration;
			buildSettings = {
				BUNDLE_LOADER = "$(TEST_HOST)";
				DEVELOPMENT_TEAM = GLAPQ59262;
				FRAMEWORK_SEARCH_PATHS = (
					"$(inherited)",
					"$(PROJECT_DIR)/Carthage/Build/iOS",
				);
				INFOPLIST_FILE = CalculatorTests/Info.plist;
				LD_RUNPATH_SEARCH_PATHS = "$(inherited) @executable_path/Frameworks @loader_path/Frameworks";
				PRODUCT_BUNDLE_IDENTIFIER = lejiaduan.CalculatorTests;
				PRODUCT_NAME = "$(TARGET_NAME)";
				SWIFT_VERSION = 3.0;
				TEST_HOST = "$(BUILT_PRODUCTS_DIR)/Calculator.app/Calculator";
			};
			name = Release;
		};
		EBFDE22F1E8EE59A00F3C46C /* Debug */ = {
			isa = XCBuildConfiguration;
			buildSettings = {
				ALWAYS_SEARCH_USER_PATHS = NO;
				CLANG_ANALYZER_NONNULL = YES;
				CLANG_ANALYZER_NUMBER_OBJECT_CONVERSION = YES_AGGRESSIVE;
				CLANG_CXX_LANGUAGE_STANDARD = "gnu++0x";
				CLANG_CXX_LIBRARY = "libc++";
				CLANG_ENABLE_MODULES = YES;
				CLANG_ENABLE_OBJC_ARC = YES;
				CLANG_WARN_BOOL_CONVERSION = YES;
				CLANG_WARN_CONSTANT_CONVERSION = YES;
				CLANG_WARN_DIRECT_OBJC_ISA_USAGE = YES_ERROR;
				CLANG_WARN_DOCUMENTATION_COMMENTS = YES;
				CLANG_WARN_EMPTY_BODY = YES;
				CLANG_WARN_ENUM_CONVERSION = YES;
				CLANG_WARN_INFINITE_RECURSION = YES;
				CLANG_WARN_INT_CONVERSION = YES;
				CLANG_WARN_OBJC_ROOT_CLASS = YES_ERROR;
				CLANG_WARN_SUSPICIOUS_MOVE = YES;
				CLANG_WARN_UNREACHABLE_CODE = YES;
				CLANG_WARN__DUPLICATE_METHOD_MATCH = YES;
				"CODE_SIGN_IDENTITY[sdk=iphoneos*]" = "iPhone Developer";
				COPY_PHASE_STRIP = NO;
				DEBUG_INFORMATION_FORMAT = dwarf;
				ENABLE_STRICT_OBJC_MSGSEND = YES;
				ENABLE_TESTABILITY = YES;
				GCC_C_LANGUAGE_STANDARD = gnu99;
				GCC_DYNAMIC_NO_PIC = NO;
				GCC_NO_COMMON_BLOCKS = YES;
				GCC_OPTIMIZATION_LEVEL = 0;
				GCC_PREPROCESSOR_DEFINITIONS = (
					"DEBUG=1",
					"$(inherited)",
				);
				GCC_WARN_64_TO_32_BIT_CONVERSION = YES;
				GCC_WARN_ABOUT_RETURN_TYPE = YES_ERROR;
				GCC_WARN_UNDECLARED_SELECTOR = YES;
				GCC_WARN_UNINITIALIZED_AUTOS = YES_AGGRESSIVE;
				GCC_WARN_UNUSED_FUNCTION = YES;
				GCC_WARN_UNUSED_VARIABLE = YES;
				IPHONEOS_DEPLOYMENT_TARGET = 10.3;
				MTL_ENABLE_DEBUG_INFO = YES;
				ONLY_ACTIVE_ARCH = YES;
				SDKROOT = iphoneos;
				SWIFT_ACTIVE_COMPILATION_CONDITIONS = DEBUG;
				SWIFT_OPTIMIZATION_LEVEL = "-Onone";
				TARGETED_DEVICE_FAMILY = "1,2";
			};
			name = Debug;
		};
		EBFDE2301E8EE59A00F3C46C /* Release */ = {
			isa = XCBuildConfiguration;
			buildSettings = {
				ALWAYS_SEARCH_USER_PATHS = NO;
				CLANG_ANALYZER_NONNULL = YES;
				CLANG_ANALYZER_NUMBER_OBJECT_CONVERSION = YES_AGGRESSIVE;
				CLANG_CXX_LANGUAGE_STANDARD = "gnu++0x";
				CLANG_CXX_LIBRARY = "libc++";
				CLANG_ENABLE_MODULES = YES;
				CLANG_ENABLE_OBJC_ARC = YES;
				CLANG_WARN_BOOL_CONVERSION = YES;
				CLANG_WARN_CONSTANT_CONVERSION = YES;
				CLANG_WARN_DIRECT_OBJC_ISA_USAGE = YES_ERROR;
				CLANG_WARN_DOCUMENTATION_COMMENTS = YES;
				CLANG_WARN_EMPTY_BODY = YES;
				CLANG_WARN_ENUM_CONVERSION = YES;
				CLANG_WARN_INFINITE_RECURSION = YES;
				CLANG_WARN_INT_CONVERSION = YES;
				CLANG_WARN_OBJC_ROOT_CLASS = YES_ERROR;
				CLANG_WARN_SUSPICIOUS_MOVE = YES;
				CLANG_WARN_UNREACHABLE_CODE = YES;
				CLANG_WARN__DUPLICATE_METHOD_MATCH = YES;
				"CODE_SIGN_IDENTITY[sdk=iphoneos*]" = "iPhone Developer";
				COPY_PHASE_STRIP = NO;
				DEBUG_INFORMATION_FORMAT = "dwarf-with-dsym";
				ENABLE_NS_ASSERTIONS = NO;
				ENABLE_STRICT_OBJC_MSGSEND = YES;
				GCC_C_LANGUAGE_STANDARD = gnu99;
				GCC_NO_COMMON_BLOCKS = YES;
				GCC_WARN_64_TO_32_BIT_CONVERSION = YES;
				GCC_WARN_ABOUT_RETURN_TYPE = YES_ERROR;
				GCC_WARN_UNDECLARED_SELECTOR = YES;
				GCC_WARN_UNINITIALIZED_AUTOS = YES_AGGRESSIVE;
				GCC_WARN_UNUSED_FUNCTION = YES;
				GCC_WARN_UNUSED_VARIABLE = YES;
				IPHONEOS_DEPLOYMENT_TARGET = 10.3;
				MTL_ENABLE_DEBUG_INFO = NO;
				SDKROOT = iphoneos;
				SWIFT_OPTIMIZATION_LEVEL = "-Owholemodule";
				TARGETED_DEVICE_FAMILY = "1,2";
				VALIDATE_PRODUCT = YES;
			};
			name = Release;
		};
		EBFDE2321E8EE59A00F3C46C /* Debug */ = {
			isa = XCBuildConfiguration;
			buildSettings = {
				ASSETCATALOG_COMPILER_APPICON_NAME = AppIcon;
				DEFINES_MODULE = YES;
				DEVELOPMENT_TEAM = GLAPQ59262;
				FRAMEWORK_SEARCH_PATHS = (
					"$(inherited)",
					"$(PROJECT_DIR)/Carthage/Build/iOS",
				);
				INFOPLIST_FILE = Calculator/Info.plist;
				LD_RUNPATH_SEARCH_PATHS = "$(inherited) @executable_path/Frameworks";
				PRODUCT_BUNDLE_IDENTIFIER = lejiaduan.Calculator;
				PRODUCT_NAME = "$(TARGET_NAME)";
				SWIFT_VERSION = 3.0;
			};
			name = Debug;
		};
		EBFDE2331E8EE59A00F3C46C /* Release */ = {
			isa = XCBuildConfiguration;
			buildSettings = {
				ASSETCATALOG_COMPILER_APPICON_NAME = AppIcon;
				DEFINES_MODULE = YES;
				DEVELOPMENT_TEAM = GLAPQ59262;
				FRAMEWORK_SEARCH_PATHS = (
					"$(inherited)",
					"$(PROJECT_DIR)/Carthage/Build/iOS",
				);
				INFOPLIST_FILE = Calculator/Info.plist;
				LD_RUNPATH_SEARCH_PATHS = "$(inherited) @executable_path/Frameworks";
				PRODUCT_BUNDLE_IDENTIFIER = lejiaduan.Calculator;
				PRODUCT_NAME = "$(TARGET_NAME)";
				SWIFT_VERSION = 3.0;
			};
			name = Release;
		};
/* End XCBuildConfiguration section */

/* Begin XCConfigurationList section */
		EB7DCCAA1EB12237002016F0 /* Build configuration list for PBXNativeTarget "CalculatorTests" */ = {
			isa = XCConfigurationList;
			buildConfigurations = (
				EB7DCCAB1EB12237002016F0 /* Debug */,
				EB7DCCAC1EB12237002016F0 /* Release */,
			);
			defaultConfigurationIsVisible = 0;
			defaultConfigurationName = Release;
		};
		EBFDE21A1E8EE59900F3C46C /* Build configuration list for PBXProject "Calculator" */ = {
			isa = XCConfigurationList;
			buildConfigurations = (
				EBFDE22F1E8EE59A00F3C46C /* Debug */,
				EBFDE2301E8EE59A00F3C46C /* Release */,
			);
			defaultConfigurationIsVisible = 0;
			defaultConfigurationName = Release;
		};
		EBFDE2311E8EE59A00F3C46C /* Build configuration list for PBXNativeTarget "Calculator" */ = {
			isa = XCConfigurationList;
			buildConfigurations = (
				EBFDE2321E8EE59A00F3C46C /* Debug */,
				EBFDE2331E8EE59A00F3C46C /* Release */,
			);
			defaultConfigurationIsVisible = 0;
			defaultConfigurationName = Release;
		};
/* End XCConfigurationList section */
	};
	rootObject = EBFDE2171E8EE59900F3C46C /* Project object */;
}
